
Microsoft Visual Studio Solution File, Format Version 12.00
# Visual Studio 14
VisualStudioVersion = 14.0.25420.1
MinimumVisualStudioVersion = 10.0.40219.1
Project("{FAE04EC0-301F-11D3-BF4B-00C04F79EFBC}") = "10.2.4绘制矩形", "10.2.4绘制矩形.csproj", "{D50AA63E-F016-4C15-ACE1-0AC74AFCB11F}"
EndProject
Global
	GlobalSection(SolutionConfigurationPlatforms) = preSolution
		Debug|Any CPU = Debug|Any CPU
		Release|Any CPU = Release|Any CPU
	EndGlobalSection
	GlobalSection(ProjectConfigurationPlatforms) = postSolution
		{D50AA63E-F016-4C15-ACE1-0AC74AFCB11F}.Debug|Any CPU.ActiveCfg = Debug|Any CPU
		{D50AA63E-F016-4C15-ACE1-0AC74AFCB11F}.Debug|Any CPU.Build.0 = Debug|Any CPU
		{D50AA63E-F016-4C15-ACE1-0AC74AFCB11F}.Release|Any CPU.ActiveCfg = Release|Any CPU
		{D50AA63E-F016-4C15-ACE1-0AC74AFCB11F}.Release|Any CPU.Build.0 = Release|Any CPU
	EndGlobalSection
	GlobalSection(SolutionProperties) = preSolution
		HideSolutionNode = FALSE
	EndGlobalSection
EndGlobal
