
Microsoft Visual Studio Solution File, Format Version 12.00
# Visual Studio 14
VisualStudioVersion = 14.0.25420.1
MinimumVisualStudioVersion = 10.0.40219.1
Project("{FAE04EC0-301F-11D3-BF4B-00C04F79EFBC}") = "chpt11-3-ImageProcess", "chpt11-3-ImageProcess.csproj", "{699F33A1-1A6C-40A8-BED2-DD619E52EA11}"
EndProject
Global
	GlobalSection(SolutionConfigurationPlatforms) = preSolution
		Debug|Any CPU = Debug|Any CPU
		Release|Any CPU = Release|Any CPU
	EndGlobalSection
	GlobalSection(ProjectConfigurationPlatforms) = postSolution
		{699F33A1-1A6C-40A8-BED2-DD619E52EA11}.Debug|Any CPU.ActiveCfg = Debug|Any CPU
		{699F33A1-1A6C-40A8-BED2-DD619E52EA11}.Debug|Any CPU.Build.0 = Debug|Any CPU
		{699F33A1-1A6C-40A8-BED2-DD619E52EA11}.Release|Any CPU.ActiveCfg = Release|Any CPU
		{699F33A1-1A6C-40A8-BED2-DD619E52EA11}.Release|Any CPU.Build.0 = Release|Any CPU
	EndGlobalSection
	GlobalSection(SolutionProperties) = preSolution
		HideSolutionNode = FALSE
	EndGlobalSection
EndGlobal
